
Microsoft Visual Studio Solution File, Format Version 12.00
# Visual Studio Version 16
VisualStudioVersion = 16.0.29709.97
MinimumVisualStudioVersion = 10.0.40219.1
Project("{FAE04EC0-301F-11D3-BF4B-00C04F79EFBC}") = "Deliverable3-Arrays", "Deliverable3-Arrays.csproj", "{7B097BE2-B740-441E-84F2-59E70F8253B4}"
EndProject
Global
	GlobalSection(SolutionConfigurationPlatforms) = preSolution
		Debug|Any CPU = Debug|Any CPU
		Release|Any CPU = Release|Any CPU
	EndGlobalSection
	GlobalSection(ProjectConfigurationPlatforms) = postSolution
		{7B097BE2-B740-441E-84F2-59E70F8253B4}.Debug|Any CPU.ActiveCfg = Debug|Any CPU
		{7B097BE2-B740-441E-84F2-59E70F8253B4}.Debug|Any CPU.Build.0 = Debug|Any CPU
		{7B097BE2-B740-441E-84F2-59E70F8253B4}.Release|Any CPU.ActiveCfg = Release|Any CPU
		{7B097BE2-B740-441E-84F2-59E70F8253B4}.Release|Any CPU.Build.0 = Release|Any CPU
	EndGlobalSection
	GlobalSection(SolutionProperties) = preSolution
		HideSolutionNode = FALSE
	EndGlobalSection
	GlobalSection(ExtensibilityGlobals) = postSolution
		SolutionGuid = {3EAEC8DE-BBD9-4593-AFDA-E596C8CF29B3}
	EndGlobalSection
EndGlobal
